
Microsoft Visual Studio Solution File, Format Version 12.00
Project("{FAE04EC0-301F-11D3-BF4B-00C04F79EFBC}") = "api", "api\api.csproj", "{FE16EE77-3DD2-42B1-83CE-8C3A0CA66DC5}"
EndProject
Project("{2150E333-8FDC-42A3-9474-1A3956D46DE8}") = "Solution Items", "Solution Items", "{2DE5BA36-E61A-44E3-8D13-0D852F2A33ED}"
	ProjectSection(SolutionItems) = preProject
		docker-compose.yml = docker-compose.yml
	EndProjectSection
EndProject
Project("{FAE04EC0-301F-11D3-BF4B-00C04F79EFBC}") = "entities", "entities\entities.csproj", "{19C79A67-EBAC-4B32-B034-9E2AA7CB8ACB}"
EndProject
Global
	GlobalSection(SolutionConfigurationPlatforms) = preSolution
		Debug|Any CPU = Debug|Any CPU
		Release|Any CPU = Release|Any CPU
	EndGlobalSection
	GlobalSection(ProjectConfigurationPlatforms) = postSolution
		{FE16EE77-3DD2-42B1-83CE-8C3A0CA66DC5}.Debug|Any CPU.ActiveCfg = Debug|Any CPU
		{FE16EE77-3DD2-42B1-83CE-8C3A0CA66DC5}.Debug|Any CPU.Build.0 = Debug|Any CPU
		{FE16EE77-3DD2-42B1-83CE-8C3A0CA66DC5}.Release|Any CPU.ActiveCfg = Release|Any CPU
		{FE16EE77-3DD2-42B1-83CE-8C3A0CA66DC5}.Release|Any CPU.Build.0 = Release|Any CPU
		{19C79A67-EBAC-4B32-B034-9E2AA7CB8ACB}.Debug|Any CPU.ActiveCfg = Debug|Any CPU
		{19C79A67-EBAC-4B32-B034-9E2AA7CB8ACB}.Debug|Any CPU.Build.0 = Debug|Any CPU
		{19C79A67-EBAC-4B32-B034-9E2AA7CB8ACB}.Release|Any CPU.ActiveCfg = Release|Any CPU
		{19C79A67-EBAC-4B32-B034-9E2AA7CB8ACB}.Release|Any CPU.Build.0 = Release|Any CPU
	EndGlobalSection
EndGlobal
